// !$*UTF8*$!
{
	archiveVersion = 1;
	classes = {
	};
	objectVersion = 50;
	objects = {

/* Begin PBXBuildFile section */
		2A30A78F251BD94400B3BAF0 /* QoooreTests.swift in Sources */ = {isa = PBXBuildFile; fileRef = AF82F306251BBE47006D0AFC /* QoooreTests.swift */; };
		8D06C714D339950F295242A7 /* Pods_Qooore.framework in Frameworks */ = {isa = PBXBuildFile; fileRef = 43E2BE3746711575112113FC /* Pods_Qooore.framework */; };
		AF82F2F0251BBE43006D0AFC /* AppDelegate.swift in Sources */ = {isa = PBXBuildFile; fileRef = AF82F2EF251BBE43006D0AFC /* AppDelegate.swift */; };
		AF82F2F2251BBE43006D0AFC /* SceneDelegate.swift in Sources */ = {isa = PBXBuildFile; fileRef = AF82F2F1251BBE43006D0AFC /* SceneDelegate.swift */; };
		AF82F2F4251BBE43006D0AFC /* ViewController.swift in Sources */ = {isa = PBXBuildFile; fileRef = AF82F2F3251BBE43006D0AFC /* ViewController.swift */; };
		AF82F2F7251BBE43006D0AFC /* Main.storyboard in Resources */ = {isa = PBXBuildFile; fileRef = AF82F2F5251BBE43006D0AFC /* Main.storyboard */; };
		AF82F2F9251BBE46006D0AFC /* Assets.xcassets in Resources */ = {isa = PBXBuildFile; fileRef = AF82F2F8251BBE46006D0AFC /* Assets.xcassets */; };
		AF82F2FC251BBE46006D0AFC /* LaunchScreen.storyboard in Resources */ = {isa = PBXBuildFile; fileRef = AF82F2FA251BBE46006D0AFC /* LaunchScreen.storyboard */; };
/* End PBXBuildFile section */

/* Begin PBXContainerItemProxy section */
		AF82F303251BBE47006D0AFC /* PBXContainerItemProxy */ = {
			isa = PBXContainerItemProxy;
			containerPortal = AF82F2E4251BBE43006D0AFC /* Project object */;
			proxyType = 1;
			remoteGlobalIDString = AF82F2EB251BBE43006D0AFC;
			remoteInfo = Qooore;
		};
/* End PBXContainerItemProxy section */

/* Begin PBXFileReference section */
		090A0C4ECC52415B3F4BDC85 /* Pods-Qooore.debug.xcconfig */ = {isa = PBXFileReference; includeInIndex = 1; lastKnownFileType = text.xcconfig; name = "Pods-Qooore.debug.xcconfig"; path = "Target Support Files/Pods-Qooore/Pods-Qooore.debug.xcconfig"; sourceTree = "<group>"; };
		43E2BE3746711575112113FC /* Pods_Qooore.framework */ = {isa = PBXFileReference; explicitFileType = wrapper.framework; includeInIndex = 0; path = Pods_Qooore.framework; sourceTree = BUILT_PRODUCTS_DIR; };
		AEFA338691ACB925E3E983A3 /* Pods-Qooore.release.xcconfig */ = {isa = PBXFileReference; includeInIndex = 1; lastKnownFileType = text.xcconfig; name = "Pods-Qooore.release.xcconfig"; path = "Target Support Files/Pods-Qooore/Pods-Qooore.release.xcconfig"; sourceTree = "<group>"; };
		AF82F2EC251BBE43006D0AFC /* Qooore.app */ = {isa = PBXFileReference; explicitFileType = wrapper.application; includeInIndex = 0; path = Qooore.app; sourceTree = BUILT_PRODUCTS_DIR; };
		AF82F2EF251BBE43006D0AFC /* AppDelegate.swift */ = {isa = PBXFileReference; lastKnownFileType = sourcecode.swift; path = AppDelegate.swift; sourceTree = "<group>"; };
		AF82F2F1251BBE43006D0AFC /* SceneDelegate.swift */ = {isa = PBXFileReference; lastKnownFileType = sourcecode.swift; path = SceneDelegate.swift; sourceTree = "<group>"; };
		AF82F2F3251BBE43006D0AFC /* ViewController.swift */ = {isa = PBXFileReference; lastKnownFileType = sourcecode.swift; path = ViewController.swift; sourceTree = "<group>"; };
		AF82F2F6251BBE43006D0AFC /* Base */ = {isa = PBXFileReference; lastKnownFileType = file.storyboard; name = Base; path = Base.lproj/Main.storyboard; sourceTree = "<group>"; };
		AF82F2F8251BBE46006D0AFC /* Assets.xcassets */ = {isa = PBXFileReference; lastKnownFileType = folder.assetcatalog; path = Assets.xcassets; sourceTree = "<group>"; };
		AF82F2FB251BBE46006D0AFC /* Base */ = {isa = PBXFileReference; lastKnownFileType = file.storyboard; name = Base; path = Base.lproj/LaunchScreen.storyboard; sourceTree = "<group>"; };
		AF82F2FD251BBE46006D0AFC /* Info.plist */ = {isa = PBXFileReference; lastKnownFileType = text.plist.xml; path = Info.plist; sourceTree = "<group>"; };
		AF82F302251BBE47006D0AFC /* QoooreTests.xctest */ = {isa = PBXFileReference; explicitFileType = wrapper.cfbundle; includeInIndex = 0; path = QoooreTests.xctest; sourceTree = BUILT_PRODUCTS_DIR; };
		AF82F306251BBE47006D0AFC /* QoooreTests.swift */ = {isa = PBXFileReference; lastKnownFileType = sourcecode.swift; path = QoooreTests.swift; sourceTree = "<group>"; };
		AF82F308251BBE47006D0AFC /* Info.plist */ = {isa = PBXFileReference; lastKnownFileType = text.plist.xml; path = Info.plist; sourceTree = "<group>"; };
/* End PBXFileReference section */

/* Begin PBXFrameworksBuildPhase section */
		AF82F2E9251BBE43006D0AFC /* Frameworks */ = {
			isa = PBXFrameworksBuildPhase;
			buildActionMask = 2147483647;
			files = (
				8D06C714D339950F295242A7 /* Pods_Qooore.framework in Frameworks */,
			);
			runOnlyForDeploymentPostprocessing = 0;
		};
		AF82F2FF251BBE47006D0AFC /* Frameworks */ = {
			isa = PBXFrameworksBuildPhase;
			buildActionMask = 2147483647;
			files = (
			);
			runOnlyForDeploymentPostprocessing = 0;
		};
/* End PBXFrameworksBuildPhase section */

/* Begin PBXGroup section */
		6F90C23368CDC5EBF2CAF146 /* Frameworks */ = {
			isa = PBXGroup;
			children = (
				43E2BE3746711575112113FC /* Pods_Qooore.framework */,
			);
			name = Frameworks;
			sourceTree = "<group>";
		};
		7EAD77EE4EF2FFE60446A625 /* Pods */ = {
			isa = PBXGroup;
			children = (
				090A0C4ECC52415B3F4BDC85 /* Pods-Qooore.debug.xcconfig */,
				AEFA338691ACB925E3E983A3 /* Pods-Qooore.release.xcconfig */,
			);
			path = Pods;
			sourceTree = "<group>";
		};
		AF82F2E3251BBE43006D0AFC = {
			isa = PBXGroup;
			children = (
				AF82F2EE251BBE43006D0AFC /* Qooore */,
				AF82F305251BBE47006D0AFC /* QoooreTests */,
				AF82F2ED251BBE43006D0AFC /* Products */,
				7EAD77EE4EF2FFE60446A625 /* Pods */,
				6F90C23368CDC5EBF2CAF146 /* Frameworks */,
			);
			sourceTree = "<group>";
		};
		AF82F2ED251BBE43006D0AFC /* Products */ = {
			isa = PBXGroup;
			children = (
				AF82F2EC251BBE43006D0AFC /* Qooore.app */,
				AF82F302251BBE47006D0AFC /* QoooreTests.xctest */,
			);
			name = Products;
			sourceTree = "<group>";
		};
		AF82F2EE251BBE43006D0AFC /* Qooore */ = {
			isa = PBXGroup;
			children = (
				AF82F2EF251BBE43006D0AFC /* AppDelegate.swift */,
				AF82F2F1251BBE43006D0AFC /* SceneDelegate.swift */,
				AF82F2F3251BBE43006D0AFC /* ViewController.swift */,
				AF82F2F5251BBE43006D0AFC /* Main.storyboard */,
				AF82F2F8251BBE46006D0AFC /* Assets.xcassets */,
				AF82F2FA251BBE46006D0AFC /* LaunchScreen.storyboard */,
				AF82F2FD251BBE46006D0AFC /* Info.plist */,
			);
			path = Qooore;
			sourceTree = "<group>";
		};
		AF82F305251BBE47006D0AFC /* QoooreTests */ = {
			isa = PBXGroup;
			children = (
				AF82F306251BBE47006D0AFC /* QoooreTests.swift */,
				AF82F308251BBE47006D0AFC /* Info.plist */,
			);
			path = QoooreTests;
			sourceTree = "<group>";
		};
/* End PBXGroup section */

/* Begin PBXNativeTarget section */
		AF82F2EB251BBE43006D0AFC /* Qooore */ = {
			isa = PBXNativeTarget;
			buildConfigurationList = AF82F30B251BBE47006D0AFC /* Build configuration list for PBXNativeTarget "Qooore" */;
			buildPhases = (
				F31D0224ED166CD7CE77F6B0 /* [CP] Check Pods Manifest.lock */,
				AF82F2E8251BBE43006D0AFC /* Sources */,
				AF82F2E9251BBE43006D0AFC /* Frameworks */,
				AF82F2EA251BBE43006D0AFC /* Resources */,
			);
			buildRules = (
			);
			dependencies = (
			);
			name = Qooore;
			productName = Qooore;
			productReference = AF82F2EC251BBE43006D0AFC /* Qooore.app */;
			productType = "com.apple.product-type.application";
		};
		AF82F301251BBE47006D0AFC /* QoooreTests */ = {
			isa = PBXNativeTarget;
			buildConfigurationList = AF82F30E251BBE47006D0AFC /* Build configuration list for PBXNativeTarget "QoooreTests" */;
			buildPhases = (
				AF82F2FE251BBE47006D0AFC /* Sources */,
				AF82F2FF251BBE47006D0AFC /* Frameworks */,
				AF82F300251BBE47006D0AFC /* Resources */,
			);
			buildRules = (
			);
			dependencies = (
				AF82F304251BBE47006D0AFC /* PBXTargetDependency */,
			);
			name = QoooreTests;
			productName = QoooreTests;
			productReference = AF82F302251BBE47006D0AFC /* QoooreTests.xctest */;
			productType = "com.apple.product-type.bundle.unit-test";
		};
/* End PBXNativeTarget section */

/* Begin PBXProject section */
		AF82F2E4251BBE43006D0AFC /* Project object */ = {
			isa = PBXProject;
			attributes = {
				LastSwiftUpdateCheck = 1160;
				LastUpgradeCheck = 1160;
				ORGANIZATIONNAME = "Qooore Corp";
				TargetAttributes = {
					AF82F2EB251BBE43006D0AFC = {
						CreatedOnToolsVersion = 11.6;
					};
					AF82F301251BBE47006D0AFC = {
						CreatedOnToolsVersion = 11.6;
						TestTargetID = AF82F2EB251BBE43006D0AFC;
					};
				};
			};
			buildConfigurationList = AF82F2E7251BBE43006D0AFC /* Build configuration list for PBXProject "Qooore" */;
			compatibilityVersion = "Xcode 9.3";
			developmentRegion = en;
			hasScannedForEncodings = 0;
			knownRegions = (
				en,
				Base,
			);
			mainGroup = AF82F2E3251BBE43006D0AFC;
			productRefGroup = AF82F2ED251BBE43006D0AFC /* Products */;
			projectDirPath = "";
			projectRoot = "";
			targets = (
				AF82F2EB251BBE43006D0AFC /* Qooore */,
				AF82F301251BBE47006D0AFC /* QoooreTests */,
			);
		};
/* End PBXProject section */

/* Begin PBXResourcesBuildPhase section */
		AF82F2EA251BBE43006D0AFC /* Resources */ = {
			isa = PBXResourcesBuildPhase;
			buildActionMask = 2147483647;
			files = (
				AF82F2FC251BBE46006D0AFC /* LaunchScreen.storyboard in Resources */,
				AF82F2F9251BBE46006D0AFC /* Assets.xcassets in Resources */,
				AF82F2F7251BBE43006D0AFC /* Main.storyboard in Resources */,
			);
			runOnlyForDeploymentPostprocessing = 0;
		};
		AF82F300251BBE47006D0AFC /* Resources */ = {
			isa = PBXResourcesBuildPhase;
			buildActionMask = 2147483647;
			files = (
			);
			runOnlyForDeploymentPostprocessing = 0;
		};
/* End PBXResourcesBuildPhase section */

/* Begin PBXShellScriptBuildPhase section */
		F31D0224ED166CD7CE77F6B0 /* [CP] Check Pods Manifest.lock */ = {
			isa = PBXShellScriptBuildPhase;
			buildActionMask = 2147483647;
			files = (
			);
			inputFileListPaths = (
			);
			inputPaths = (
				"${PODS_PODFILE_DIR_PATH}/Podfile.lock",
				"${PODS_ROOT}/Manifest.lock",
			);
			name = "[CP] Check Pods Manifest.lock";
			outputFileListPaths = (
			);
			outputPaths = (
				"$(DERIVED_FILE_DIR)/Pods-Qooore-checkManifestLockResult.txt",
			);
			runOnlyForDeploymentPostprocessing = 0;
			shellPath = /bin/sh;
			shellScript = "diff \"${PODS_PODFILE_DIR_PATH}/Podfile.lock\" \"${PODS_ROOT}/Manifest.lock\" > /dev/null\nif [ $? != 0 ] ; then\n    # print error to STDERR\n    echo \"error: The sandbox is not in sync with the Podfile.lock. Run 'pod install' or update your CocoaPods installation.\" >&2\n    exit 1\nfi\n# This output is used by Xcode 'outputs' to avoid re-running this script phase.\necho \"SUCCESS\" > \"${SCRIPT_OUTPUT_FILE_0}\"\n";
			showEnvVarsInLog = 0;
		};
/* End PBXShellScriptBuildPhase section */

/* Begin PBXSourcesBuildPhase section */
		AF82F2E8251BBE43006D0AFC /* Sources */ = {
			isa = PBXSourcesBuildPhase;
			buildActionMask = 2147483647;
			files = (
				AF82F2F4251BBE43006D0AFC /* ViewController.swift in Sources */,
				AF82F2F0251BBE43006D0AFC /* AppDelegate.swift in Sources */,
				AF82F2F2251BBE43006D0AFC /* SceneDelegate.swift in Sources */,
			);
			runOnlyForDeploymentPostprocessing = 0;
		};
		AF82F2FE251BBE47006D0AFC /* Sources */ = {
			isa = PBXSourcesBuildPhase;
			buildActionMask = 2147483647;
			files = (
				2A30A78F251BD94400B3BAF0 /* QoooreTests.swift in Sources */,
			);
			runOnlyForDeploymentPostprocessing = 0;
		};
/* End PBXSourcesBuildPhase section */

/* Begin PBXTargetDependency section */
		AF82F304251BBE47006D0AFC /* PBXTargetDependency */ = {
			isa = PBXTargetDependency;
			target = AF82F2EB251BBE43006D0AFC /* Qooore */;
			targetProxy = AF82F303251BBE47006D0AFC /* PBXContainerItemProxy */;
		};
/* End PBXTargetDependency section */

/* Begin PBXVariantGroup section */
		AF82F2F5251BBE43006D0AFC /* Main.storyboard */ = {
			isa = PBXVariantGroup;
			children = (
				AF82F2F6251BBE43006D0AFC /* Base */,
			);
			name = Main.storyboard;
			sourceTree = "<group>";
		};
		AF82F2FA251BBE46006D0AFC /* LaunchScreen.storyboard */ = {
			isa = PBXVariantGroup;
			children = (
				AF82F2FB251BBE46006D0AFC /* Base */,
			);
			name = LaunchScreen.storyboard;
			sourceTree = "<group>";
		};
/* End PBXVariantGroup section */

/* Begin XCBuildConfiguration section */
		AF82F309251BBE47006D0AFC /* Debug */ = {
			isa = XCBuildConfiguration;
			buildSettings = {
				ALWAYS_SEARCH_USER_PATHS = NO;
				CLANG_ANALYZER_NONNULL = YES;
				CLANG_ANALYZER_NUMBER_OBJECT_CONVERSION = YES_AGGRESSIVE;
				CLANG_CXX_LANGUAGE_STANDARD = "gnu++14";
				CLANG_CXX_LIBRARY = "libc++";
				CLANG_ENABLE_MODULES = YES;
				CLANG_ENABLE_OBJC_ARC = YES;
				CLANG_ENABLE_OBJC_WEAK = YES;
				CLANG_WARN_BLOCK_CAPTURE_AUTORELEASING = YES;
				CLANG_WARN_BOOL_CONVERSION = YES;
				CLANG_WARN_COMMA = YES;
				CLANG_WARN_CONSTANT_CONVERSION = YES;
				CLANG_WARN_DEPRECATED_OBJC_IMPLEMENTATIONS = YES;
				CLANG_WARN_DIRECT_OBJC_ISA_USAGE = YES_ERROR;
				CLANG_WARN_DOCUMENTATION_COMMENTS = YES;
				CLANG_WARN_EMPTY_BODY = YES;
				CLANG_WARN_ENUM_CONVERSION = YES;
				CLANG_WARN_INFINITE_RECURSION = YES;
				CLANG_WARN_INT_CONVERSION = YES;
				CLANG_WARN_NON_LITERAL_NULL_CONVERSION = YES;
				CLANG_WARN_OBJC_IMPLICIT_RETAIN_SELF = YES;
				CLANG_WARN_OBJC_LITERAL_CONVERSION = YES;
				CLANG_WARN_OBJC_ROOT_CLASS = YES_ERROR;
				CLANG_WARN_RANGE_LOOP_ANALYSIS = YES;
				CLANG_WARN_STRICT_PROTOTYPES = YES;
				CLANG_WARN_SUSPICIOUS_MOVE = YES;
				CLANG_WARN_UNGUARDED_AVAILABILITY = YES_AGGRESSIVE;
				CLANG_WARN_UNREACHABLE_CODE = YES;
				CLANG_WARN__DUPLICATE_METHOD_MATCH = YES;
				COPY_PHASE_STRIP = NO;
				DEBUG_INFORMATION_FORMAT = dwarf;
				ENABLE_STRICT_OBJC_MSGSEND = YES;
				ENABLE_TESTABILITY = YES;
				GCC_C_LANGUAGE_STANDARD = gnu11;
				GCC_DYNAMIC_NO_PIC = NO;
				GCC_NO_COMMON_BLOCKS = YES;
				GCC_OPTIMIZATION_LEVEL = 0;
				GCC_PREPROCESSOR_DEFINITIONS = (
					"DEBUG=1",
					"$(inherited)",
				);
				GCC_WARN_64_TO_32_BIT_CONVERSION = YES;
				GCC_WARN_ABOUT_RETURN_TYPE = YES_ERROR;
				GCC_WARN_UNDECLARED_SELECTOR = YES;
				GCC_WARN_UNINITIALIZED_AUTOS = YES_AGGRESSIVE;
				GCC_WARN_UNUSED_FUNCTION = YES;
				GCC_WARN_UNUSED_VARIABLE = YES;
				IPHONEOS_DEPLOYMENT_TARGET = 13.6;
				MTL_ENABLE_DEBUG_INFO = INCLUDE_SOURCE;
				MTL_FAST_MATH = YES;
				ONLY_ACTIVE_ARCH = YES;
				PRODUCT_MODULE_NAME = Qooore;
				SDKROOT = iphoneos;
				SWIFT_ACTIVE_COMPILATION_CONDITIONS = DEBUG;
				SWIFT_OPTIMIZATION_LEVEL = "-Onone";
			};
			name = Debug;
		};
		AF82F30A251BBE47006D0AFC /* Release */ = {
			isa = XCBuildConfiguration;
			buildSettings = {
				ALWAYS_SEARCH_USER_PATHS = NO;
				CLANG_ANALYZER_NONNULL = YES;
				CLANG_ANALYZER_NUMBER_OBJECT_CONVERSION = YES_AGGRESSIVE;
				CLANG_CXX_LANGUAGE_STANDARD = "gnu++14";
				CLANG_CXX_LIBRARY = "libc++";
				CLANG_ENABLE_MODULES = YES;
				CLANG_ENABLE_OBJC_ARC = YES;
				CLANG_ENABLE_OBJC_WEAK = YES;
				CLANG_WARN_BLOCK_CAPTURE_AUTORELEASING = YES;
				CLANG_WARN_BOOL_CONVERSION = YES;
				CLANG_WARN_COMMA = YES;
				CLANG_WARN_CONSTANT_CONVERSION = YES;
				CLANG_WARN_DEPRECATED_OBJC_IMPLEMENTATIONS = YES;
				CLANG_WARN_DIRECT_OBJC_ISA_USAGE = YES_ERROR;
				CLANG_WARN_DOCUMENTATION_COMMENTS = YES;
				CLANG_WARN_EMPTY_BODY = YES;
				CLANG_WARN_ENUM_CONVERSION = YES;
				CLANG_WARN_INFINITE_RECURSION = YES;
				CLANG_WARN_INT_CONVERSION = YES;
				CLANG_WARN_NON_LITERAL_NULL_CONVERSION = YES;
				CLANG_WARN_OBJC_IMPLICIT_RETAIN_SELF = YES;
				CLANG_WARN_OBJC_LITERAL_CONVERSION = YES;
				CLANG_WARN_OBJC_ROOT_CLASS = YES_ERROR;
				CLANG_WARN_RANGE_LOOP_ANALYSIS = YES;
				CLANG_WARN_STRICT_PROTOTYPES = YES;
				CLANG_WARN_SUSPICIOUS_MOVE = YES;
				CLANG_WARN_UNGUARDED_AVAILABILITY = YES_AGGRESSIVE;
				CLANG_WARN_UNREACHABLE_CODE = YES;
				CLANG_WARN__DUPLICATE_METHOD_MATCH = YES;
				COPY_PHASE_STRIP = NO;
				DEBUG_INFORMATION_FORMAT = "dwarf-with-dsym";
				ENABLE_NS_ASSERTIONS = NO;
				ENABLE_STRICT_OBJC_MSGSEND = YES;
				GCC_C_LANGUAGE_STANDARD = gnu11;
				GCC_NO_COMMON_BLOCKS = YES;
				GCC_WARN_64_TO_32_BIT_CONVERSION = YES;
				GCC_WARN_ABOUT_RETURN_TYPE = YES_ERROR;
				GCC_WARN_UNDECLARED_SELECTOR = YES;
				GCC_WARN_UNINITIALIZED_AUTOS = YES_AGGRESSIVE;
				GCC_WARN_UNUSED_FUNCTION = YES;
				GCC_WARN_UNUSED_VARIABLE = YES;
				IPHONEOS_DEPLOYMENT_TARGET = 13.6;
				MTL_ENABLE_DEBUG_INFO = NO;
				MTL_FAST_MATH = YES;
				PRODUCT_MODULE_NAME = Qooore;
				SDKROOT = iphoneos;
				SWIFT_COMPILATION_MODE = wholemodule;
				SWIFT_OPTIMIZATION_LEVEL = "-O";
				VALIDATE_PRODUCT = YES;
			};
			name = Release;
		};
		AF82F30C251BBE47006D0AFC /* Debug */ = {
			isa = XCBuildConfiguration;
			baseConfigurationReference = 090A0C4ECC52415B3F4BDC85 /* Pods-Qooore.debug.xcconfig */;
			buildSettings = {
				ASSETCATALOG_COMPILER_APPICON_NAME = AppIcon;
				CODE_SIGN_IDENTITY = "iPhone Developer";
				CODE_SIGN_STYLE = Manual;
				CURRENT_PROJECT_VERSION = 20;
				DEVELOPMENT_TEAM = H26DA27U2W;
				INFOPLIST_FILE = Qooore/Info.plist;
				IPHONEOS_DEPLOYMENT_TARGET = 13.0;
				LD_RUNPATH_SEARCH_PATHS = (
					"$(inherited)",
					"@executable_path/Frameworks",
				);
				MARKETING_VERSION = 1.0.0;
				PRODUCT_BUNDLE_IDENTIFIER = com.taglife.taglife2;
				PRODUCT_NAME = "$(TARGET_NAME)";
				PROVISIONING_PROFILE_SPECIFIER = "match Development com.taglife.taglife2";
				SWIFT_VERSION = 5.0;
				TARGETED_DEVICE_FAMILY = "1,2";
				VERSIONING_SYSTEM = "";
			};
			name = Debug;
		};
		AF82F30D251BBE47006D0AFC /* Release */ = {
			isa = XCBuildConfiguration;
			baseConfigurationReference = AEFA338691ACB925E3E983A3 /* Pods-Qooore.release.xcconfig */;
			buildSettings = {
				ASSETCATALOG_COMPILER_APPICON_NAME = AppIcon;
				CODE_SIGN_IDENTITY = "Apple Distribution: Alex Petrov (H26DA27U2W)";
				CODE_SIGN_STYLE = Manual;
				CURRENT_PROJECT_VERSION = 20;
				DEVELOPMENT_TEAM = H26DA27U2W;
				INFOPLIST_FILE = Qooore/Info.plist;
				IPHONEOS_DEPLOYMENT_TARGET = 13.0;
				LD_RUNPATH_SEARCH_PATHS = (
					"$(inherited)",
					"@executable_path/Frameworks",
				);
				MARKETING_VERSION = 1.0.0;
				PRODUCT_BUNDLE_IDENTIFIER = com.taglife.taglife2;
				PRODUCT_NAME = "$(TARGET_NAME)";
				PROVISIONING_PROFILE_SPECIFIER = "match AppStore com.taglife.taglife2";
				SWIFT_VERSION = 5.0;
				TARGETED_DEVICE_FAMILY = "1,2";
				VERSIONING_SYSTEM = "";
			};
			name = Release;
		};
		AF82F30F251BBE47006D0AFC /* Debug */ = {
			isa = XCBuildConfiguration;
			buildSettings = {
				ALWAYS_EMBED_SWIFT_STANDARD_LIBRARIES = YES;
				BUNDLE_LOADER = "$(TEST_HOST)";
				CODE_SIGN_STYLE = Automatic;
				INFOPLIST_FILE = QoooreTests/Info.plist;
				IPHONEOS_DEPLOYMENT_TARGET = 13.0;
				LD_RUNPATH_SEARCH_PATHS = (
					"$(inherited)",
					"@executable_path/Frameworks",
					"@loader_path/Frameworks",
				);
				PRODUCT_BUNDLE_IDENTIFIER = sk.QoooreTests;
				PRODUCT_NAME = "$(TARGET_NAME)";
				SWIFT_VERSION = 5.0;
				TARGETED_DEVICE_FAMILY = "1,2";
				TEST_HOST = "$(BUILT_PRODUCTS_DIR)/Qooore.app/Qooore";
			};
			name = Debug;
		};
		AF82F310251BBE47006D0AFC /* Release */ = {
			isa = XCBuildConfiguration;
			buildSettings = {
				ALWAYS_EMBED_SWIFT_STANDARD_LIBRARIES = YES;
				BUNDLE_LOADER = "$(TEST_HOST)";
				CODE_SIGN_STYLE = Automatic;
				INFOPLIST_FILE = QoooreTests/Info.plist;
				IPHONEOS_DEPLOYMENT_TARGET = 13.0;
				LD_RUNPATH_SEARCH_PATHS = (
					"$(inherited)",
					"@executable_path/Frameworks",
					"@loader_path/Frameworks",
				);
				PRODUCT_BUNDLE_IDENTIFIER = sk.QoooreTests;
				PRODUCT_NAME = "$(TARGET_NAME)";
				SWIFT_VERSION = 5.0;
				TARGETED_DEVICE_FAMILY = "1,2";
				TEST_HOST = "$(BUILT_PRODUCTS_DIR)/Qooore.app/Qooore";
			};
			name = Release;
		};
/* End XCBuildConfiguration section */

/* Begin XCConfigurationList section */
		AF82F2E7251BBE43006D0AFC /* Build configuration list for PBXProject "Qooore" */ = {
			isa = XCConfigurationList;
			buildConfigurations = (
				AF82F309251BBE47006D0AFC /* Debug */,
				AF82F30A251BBE47006D0AFC /* Release */,
			);
			defaultConfigurationIsVisible = 0;
			defaultConfigurationName = Release;
		};
		AF82F30B251BBE47006D0AFC /* Build configuration list for PBXNativeTarget "Qooore" */ = {
			isa = XCConfigurationList;
			buildConfigurations = (
				AF82F30C251BBE47006D0AFC /* Debug */,
				AF82F30D251BBE47006D0AFC /* Release */,
			);
			defaultConfigurationIsVisible = 0;
			defaultConfigurationName = Release;
		};
		AF82F30E251BBE47006D0AFC /* Build configuration list for PBXNativeTarget "QoooreTests" */ = {
			isa = XCConfigurationList;
			buildConfigurations = (
				AF82F30F251BBE47006D0AFC /* Debug */,
				AF82F310251BBE47006D0AFC /* Release */,
			);
			defaultConfigurationIsVisible = 0;
			defaultConfigurationName = Release;
		};
/* End XCConfigurationList section */
	};
	rootObject = AF82F2E4251BBE43006D0AFC /* Project object */;
}
